// !$*UTF8*$!
{
	archiveVersion = 1;
	classes = {
	};
	objectVersion = 46;
	objects = {

/* Begin PBXBuildFile section */
		BD5A89DA1D73D7D3006B7742 /* AppDelegate.swift in Sources */ = {isa = PBXBuildFile; fileRef = BD5A89D91D73D7D3006B7742 /* AppDelegate.swift */; };
		BD5A89DC1D73D7D3006B7742 /* ViewController.swift in Sources */ = {isa = PBXBuildFile; fileRef = BD5A89DB1D73D7D3006B7742 /* ViewController.swift */; };
		BD5A89DF1D73D7D3006B7742 /* Main.storyboard in Resources */ = {isa = PBXBuildFile; fileRef = BD5A89DD1D73D7D3006B7742 /* Main.storyboard */; };
		BD5A89E11D73D7D3006B7742 /* Assets.xcassets in Resources */ = {isa = PBXBuildFile; fileRef = BD5A89E01D73D7D3006B7742 /* Assets.xcassets */; };
		BD5A89E41D73D7D3006B7742 /* LaunchScreen.storyboard in Resources */ = {isa = PBXBuildFile; fileRef = BD5A89E21D73D7D3006B7742 /* LaunchScreen.storyboard */; };
		BD5A89EF1D73D7D4006B7742 /* XFTakeCarTests.swift in Sources */ = {isa = PBXBuildFile; fileRef = BD5A89EE1D73D7D4006B7742 /* XFTakeCarTests.swift */; };
		BD5A89FA1D73D7D4006B7742 /* XFTakeCarUITests.swift in Sources */ = {isa = PBXBuildFile; fileRef = BD5A89F91D73D7D4006B7742 /* XFTakeCarUITests.swift */; };
		BD5A8A221D73D803006B7742 /* XFBaseInfo.swift in Sources */ = {isa = PBXBuildFile; fileRef = BD5A8A0C1D73D803006B7742 /* XFBaseInfo.swift */; };
		BD5A8A231D73D803006B7742 /* XFUserInfo.swift in Sources */ = {isa = PBXBuildFile; fileRef = BD5A8A0D1D73D803006B7742 /* XFUserInfo.swift */; };
		BD5A8A241D73D803006B7742 /* XFGetCars.swift in Sources */ = {isa = PBXBuildFile; fileRef = BD5A8A0F1D73D803006B7742 /* XFGetCars.swift */; };
		BD5A8A251D73D803006B7742 /* XFLogin.swift in Sources */ = {isa = PBXBuildFile; fileRef = BD5A8A101D73D803006B7742 /* XFLogin.swift */; };
		BD5A8A261D73D803006B7742 /* XFOperation.swift in Sources */ = {isa = PBXBuildFile; fileRef = BD5A8A111D73D803006B7742 /* XFOperation.swift */; };
		BD5A8A271D73D803006B7742 /* XFRegister.swift in Sources */ = {isa = PBXBuildFile; fileRef = BD5A8A121D73D803006B7742 /* XFRegister.swift */; };
		BD5A8A291D73D803006B7742 /* XFBasePageController.swift in Sources */ = {isa = PBXBuildFile; fileRef = BD5A8A1C1D73D803006B7742 /* XFBasePageController.swift */; };
		BD5A8A2A1D73D803006B7742 /* XFBundlePayPage.swift in Sources */ = {isa = PBXBuildFile; fileRef = BD5A8A1D1D73D803006B7742 /* XFBundlePayPage.swift */; };
		BD5A8A2B1D73D803006B7742 /* XFGuidePage.swift in Sources */ = {isa = PBXBuildFile; fileRef = BD5A8A1E1D73D803006B7742 /* XFGuidePage.swift */; };
		BD5A8A2C1D73D803006B7742 /* XFLoginPage.swift in Sources */ = {isa = PBXBuildFile; fileRef = BD5A8A1F1D73D803006B7742 /* XFLoginPage.swift */; };
		BD5A8A2D1D73D803006B7742 /* XFRegisterPage.swift in Sources */ = {isa = PBXBuildFile; fileRef = BD5A8A201D73D803006B7742 /* XFRegisterPage.swift */; };
		BD5A8A2E1D73D803006B7742 /* XFBaseViewController.swift in Sources */ = {isa = PBXBuildFile; fileRef = BD5A8A211D73D803006B7742 /* XFBaseViewController.swift */; };
/* End PBXBuildFile section */

/* Begin PBXContainerItemProxy section */
		BD5A89EB1D73D7D4006B7742 /* PBXContainerItemProxy */ = {
			isa = PBXContainerItemProxy;
			containerPortal = BD5A89CE1D73D7D3006B7742 /* Project object */;
			proxyType = 1;
			remoteGlobalIDString = BD5A89D51D73D7D3006B7742;
			remoteInfo = XFTakeCar;
		};
		BD5A89F61D73D7D4006B7742 /* PBXContainerItemProxy */ = {
			isa = PBXContainerItemProxy;
			containerPortal = BD5A89CE1D73D7D3006B7742 /* Project object */;
			proxyType = 1;
			remoteGlobalIDString = BD5A89D51D73D7D3006B7742;
			remoteInfo = XFTakeCar;
		};
/* End PBXContainerItemProxy section */

/* Begin PBXFileReference section */
		BD5A89D61D73D7D3006B7742 /* XFTakeCar.app */ = {isa = PBXFileReference; explicitFileType = wrapper.application; includeInIndex = 0; path = XFTakeCar.app; sourceTree = BUILT_PRODUCTS_DIR; };
		BD5A89D91D73D7D3006B7742 /* AppDelegate.swift */ = {isa = PBXFileReference; lastKnownFileType = sourcecode.swift; path = AppDelegate.swift; sourceTree = "<group>"; };
		BD5A89DB1D73D7D3006B7742 /* ViewController.swift */ = {isa = PBXFileReference; lastKnownFileType = sourcecode.swift; path = ViewController.swift; sourceTree = "<group>"; };
		BD5A89DE1D73D7D3006B7742 /* Base */ = {isa = PBXFileReference; lastKnownFileType = file.storyboard; name = Base; path = Base.lproj/Main.storyboard; sourceTree = "<group>"; };
		BD5A89E01D73D7D3006B7742 /* Assets.xcassets */ = {isa = PBXFileReference; lastKnownFileType = folder.assetcatalog; name = Assets.xcassets; path = ../../Assets.xcassets; sourceTree = "<group>"; };
		BD5A89E31D73D7D3006B7742 /* Base */ = {isa = PBXFileReference; lastKnownFileType = file.storyboard; name = Base; path = Base.lproj/LaunchScreen.storyboard; sourceTree = "<group>"; };
		BD5A89E51D73D7D4006B7742 /* Info.plist */ = {isa = PBXFileReference; lastKnownFileType = text.plist.xml; name = Info.plist; path = ../../Info.plist; sourceTree = "<group>"; };
		BD5A89EA1D73D7D4006B7742 /* XFTakeCarTests.xctest */ = {isa = PBXFileReference; explicitFileType = wrapper.cfbundle; includeInIndex = 0; path = XFTakeCarTests.xctest; sourceTree = BUILT_PRODUCTS_DIR; };
		BD5A89EE1D73D7D4006B7742 /* XFTakeCarTests.swift */ = {isa = PBXFileReference; lastKnownFileType = sourcecode.swift; path = XFTakeCarTests.swift; sourceTree = "<group>"; };
		BD5A89F01D73D7D4006B7742 /* Info.plist */ = {isa = PBXFileReference; lastKnownFileType = text.plist.xml; path = Info.plist; sourceTree = "<group>"; };
		BD5A89F51D73D7D4006B7742 /* XFTakeCarUITests.xctest */ = {isa = PBXFileReference; explicitFileType = wrapper.cfbundle; includeInIndex = 0; path = XFTakeCarUITests.xctest; sourceTree = BUILT_PRODUCTS_DIR; };
		BD5A89F91D73D7D4006B7742 /* XFTakeCarUITests.swift */ = {isa = PBXFileReference; lastKnownFileType = sourcecode.swift; path = XFTakeCarUITests.swift; sourceTree = "<group>"; };
		BD5A89FB1D73D7D4006B7742 /* Info.plist */ = {isa = PBXFileReference; lastKnownFileType = text.plist.xml; path = Info.plist; sourceTree = "<group>"; };
		BD5A8A0C1D73D803006B7742 /* XFBaseInfo.swift */ = {isa = PBXFileReference; fileEncoding = 4; lastKnownFileType = sourcecode.swift; path = XFBaseInfo.swift; sourceTree = "<group>"; };
		BD5A8A0D1D73D803006B7742 /* XFUserInfo.swift */ = {isa = PBXFileReference; fileEncoding = 4; lastKnownFileType = sourcecode.swift; path = XFUserInfo.swift; sourceTree = "<group>"; };
		BD5A8A0F1D73D803006B7742 /* XFGetCars.swift */ = {isa = PBXFileReference; fileEncoding = 4; lastKnownFileType = sourcecode.swift; path = XFGetCars.swift; sourceTree = "<group>"; };
		BD5A8A101D73D803006B7742 /* XFLogin.swift */ = {isa = PBXFileReference; fileEncoding = 4; lastKnownFileType = sourcecode.swift; path = XFLogin.swift; sourceTree = "<group>"; };
		BD5A8A111D73D803006B7742 /* XFOperation.swift */ = {isa = PBXFileReference; fileEncoding = 4; lastKnownFileType = sourcecode.swift; path = XFOperation.swift; sourceTree = "<group>"; };
		BD5A8A121D73D803006B7742 /* XFRegister.swift */ = {isa = PBXFileReference; fileEncoding = 4; lastKnownFileType = sourcecode.swift; path = XFRegister.swift; sourceTree = "<group>"; };
		BD5A8A1C1D73D803006B7742 /* XFBasePageController.swift */ = {isa = PBXFileReference; fileEncoding = 4; lastKnownFileType = sourcecode.swift; path = XFBasePageController.swift; sourceTree = "<group>"; };
		BD5A8A1D1D73D803006B7742 /* XFBundlePayPage.swift */ = {isa = PBXFileReference; fileEncoding = 4; lastKnownFileType = sourcecode.swift; path = XFBundlePayPage.swift; sourceTree = "<group>"; };
		BD5A8A1E1D73D803006B7742 /* XFGuidePage.swift */ = {isa = PBXFileReference; fileEncoding = 4; lastKnownFileType = sourcecode.swift; path = XFGuidePage.swift; sourceTree = "<group>"; };
		BD5A8A1F1D73D803006B7742 /* XFLoginPage.swift */ = {isa = PBXFileReference; fileEncoding = 4; lastKnownFileType = sourcecode.swift; path = XFLoginPage.swift; sourceTree = "<group>"; };
		BD5A8A201D73D803006B7742 /* XFRegisterPage.swift */ = {isa = PBXFileReference; fileEncoding = 4; lastKnownFileType = sourcecode.swift; path = XFRegisterPage.swift; sourceTree = "<group>"; };
		BD5A8A211D73D803006B7742 /* XFBaseViewController.swift */ = {isa = PBXFileReference; fileEncoding = 4; lastKnownFileType = sourcecode.swift; path = XFBaseViewController.swift; sourceTree = "<group>"; };
/* End PBXFileReference section */

/* Begin PBXFrameworksBuildPhase section */
		BD5A89D31D73D7D3006B7742 /* Frameworks */ = {
			isa = PBXFrameworksBuildPhase;
			buildActionMask = 2147483647;
			files = (
			);
			runOnlyForDeploymentPostprocessing = 0;
		};
		BD5A89E71D73D7D4006B7742 /* Frameworks */ = {
			isa = PBXFrameworksBuildPhase;
			buildActionMask = 2147483647;
			files = (
			);
			runOnlyForDeploymentPostprocessing = 0;
		};
		BD5A89F21D73D7D4006B7742 /* Frameworks */ = {
			isa = PBXFrameworksBuildPhase;
			buildActionMask = 2147483647;
			files = (
			);
			runOnlyForDeploymentPostprocessing = 0;
		};
/* End PBXFrameworksBuildPhase section */

/* Begin PBXGroup section */
		BD5A89CD1D73D7D3006B7742 = {
			isa = PBXGroup;
			children = (
				BD5A89D81D73D7D3006B7742 /* XFTakeCar */,
				BD5A89ED1D73D7D4006B7742 /* XFTakeCarTests */,
				BD5A89F81D73D7D4006B7742 /* XFTakeCarUITests */,
				BD5A89D71D73D7D3006B7742 /* Products */,
			);
			sourceTree = "<group>";
		};
		BD5A89D71D73D7D3006B7742 /* Products */ = {
			isa = PBXGroup;
			children = (
				BD5A89D61D73D7D3006B7742 /* XFTakeCar.app */,
				BD5A89EA1D73D7D4006B7742 /* XFTakeCarTests.xctest */,
				BD5A89F51D73D7D4006B7742 /* XFTakeCarUITests.xctest */,
			);
			name = Products;
			sourceTree = "<group>";
		};
		BD5A89D81D73D7D3006B7742 /* XFTakeCar */ = {
			isa = PBXGroup;
			children = (
				BD5A89D91D73D7D3006B7742 /* AppDelegate.swift */,
				BD5A89DB1D73D7D3006B7742 /* ViewController.swift */,
				BD5A8A071D73D803006B7742 /* DB */,
				BD5A8A081D73D803006B7742 /* Define */,
				BD5A8A191D73D803006B7742 /* Utility */,
				BD5A8A0B1D73D803006B7742 /* Model */,
				BD5A8A1A1D73D803006B7742 /* View */,
				BD5A8A091D73D803006B7742 /* Frameworks */,
				BD5A8A0A1D73D803006B7742 /* Global */,
				BD5A8A0E1D73D803006B7742 /* Operation */,
				BD5A8A131D73D803006B7742 /* OtherSDK */,
				BD5A8A141D73D803006B7742 /* Resouces */,
			);
			path = XFTakeCar;
			sourceTree = "<group>";
		};
		BD5A89ED1D73D7D4006B7742 /* XFTakeCarTests */ = {
			isa = PBXGroup;
			children = (
				BD5A89EE1D73D7D4006B7742 /* XFTakeCarTests.swift */,
				BD5A89F01D73D7D4006B7742 /* Info.plist */,
			);
			path = XFTakeCarTests;
			sourceTree = "<group>";
		};
		BD5A89F81D73D7D4006B7742 /* XFTakeCarUITests */ = {
			isa = PBXGroup;
			children = (
				BD5A89F91D73D7D4006B7742 /* XFTakeCarUITests.swift */,
				BD5A89FB1D73D7D4006B7742 /* Info.plist */,
			);
			path = XFTakeCarUITests;
			sourceTree = "<group>";
		};
		BD5A8A071D73D803006B7742 /* DB */ = {
			isa = PBXGroup;
			children = (
			);
			path = DB;
			sourceTree = "<group>";
		};
		BD5A8A081D73D803006B7742 /* Define */ = {
			isa = PBXGroup;
			children = (
			);
			path = Define;
			sourceTree = "<group>";
		};
		BD5A8A091D73D803006B7742 /* Frameworks */ = {
			isa = PBXGroup;
			children = (
			);
			path = Frameworks;
			sourceTree = "<group>";
		};
		BD5A8A0A1D73D803006B7742 /* Global */ = {
			isa = PBXGroup;
			children = (
			);
			path = Global;
			sourceTree = "<group>";
		};
		BD5A8A0B1D73D803006B7742 /* Model */ = {
			isa = PBXGroup;
			children = (
				BD5A8A0C1D73D803006B7742 /* XFBaseInfo.swift */,
				BD5A8A0D1D73D803006B7742 /* XFUserInfo.swift */,
			);
			path = Model;
			sourceTree = "<group>";
		};
		BD5A8A0E1D73D803006B7742 /* Operation */ = {
			isa = PBXGroup;
			children = (
				BD5A8A0F1D73D803006B7742 /* XFGetCars.swift */,
				BD5A8A101D73D803006B7742 /* XFLogin.swift */,
				BD5A8A111D73D803006B7742 /* XFOperation.swift */,
				BD5A8A121D73D803006B7742 /* XFRegister.swift */,
			);
			path = Operation;
			sourceTree = "<group>";
		};
		BD5A8A131D73D803006B7742 /* OtherSDK */ = {
			isa = PBXGroup;
			children = (
			);
			path = OtherSDK;
			sourceTree = "<group>";
		};
		BD5A8A141D73D803006B7742 /* Resouces */ = {
			isa = PBXGroup;
			children = (
				BD5A8A151D73D803006B7742 /* Config */,
				BD5A8A161D73D803006B7742 /* Images */,
				BD5A8A181D73D803006B7742 /* Xib */,
			);
			path = Resouces;
			sourceTree = "<group>";
		};
		BD5A8A151D73D803006B7742 /* Config */ = {
			isa = PBXGroup;
			children = (
				BD5A89E51D73D7D4006B7742 /* Info.plist */,
			);
			path = Config;
			sourceTree = "<group>";
		};
		BD5A8A161D73D803006B7742 /* Images */ = {
			isa = PBXGroup;
			children = (
				BD5A89E01D73D7D3006B7742 /* Assets.xcassets */,
			);
			path = Images;
			sourceTree = "<group>";
		};
		BD5A8A181D73D803006B7742 /* Xib */ = {
			isa = PBXGroup;
			children = (
				BD5A89DD1D73D7D3006B7742 /* Main.storyboard */,
				BD5A89E21D73D7D3006B7742 /* LaunchScreen.storyboard */,
			);
			path = Xib;
			sourceTree = "<group>";
		};
		BD5A8A191D73D803006B7742 /* Utility */ = {
			isa = PBXGroup;
			children = (
			);
			path = Utility;
			sourceTree = "<group>";
		};
		BD5A8A1A1D73D803006B7742 /* View */ = {
			isa = PBXGroup;
			children = (
				BD5A8A211D73D803006B7742 /* XFBaseViewController.swift */,
				BD5A8A1B1D73D803006B7742 /* Page */,
			);
			path = View;
			sourceTree = "<group>";
		};
		BD5A8A1B1D73D803006B7742 /* Page */ = {
			isa = PBXGroup;
			children = (
				BD5A8A1C1D73D803006B7742 /* XFBasePageController.swift */,
				BD5A8A1D1D73D803006B7742 /* XFBundlePayPage.swift */,
				BD5A8A1E1D73D803006B7742 /* XFGuidePage.swift */,
				BD5A8A1F1D73D803006B7742 /* XFLoginPage.swift */,
				BD5A8A201D73D803006B7742 /* XFRegisterPage.swift */,
			);
			path = Page;
			sourceTree = "<group>";
		};
/* End PBXGroup section */

/* Begin PBXNativeTarget section */
		BD5A89D51D73D7D3006B7742 /* XFTakeCar */ = {
			isa = PBXNativeTarget;
			buildConfigurationList = BD5A89FE1D73D7D4006B7742 /* Build configuration list for PBXNativeTarget "XFTakeCar" */;
			buildPhases = (
				BD5A89D21D73D7D3006B7742 /* Sources */,
				BD5A89D31D73D7D3006B7742 /* Frameworks */,
				BD5A89D41D73D7D3006B7742 /* Resources */,
			);
			buildRules = (
			);
			dependencies = (
			);
			name = XFTakeCar;
			productName = XFTakeCar;
			productReference = BD5A89D61D73D7D3006B7742 /* XFTakeCar.app */;
			productType = "com.apple.product-type.application";
		};
		BD5A89E91D73D7D4006B7742 /* XFTakeCarTests */ = {
			isa = PBXNativeTarget;
			buildConfigurationList = BD5A8A011D73D7D4006B7742 /* Build configuration list for PBXNativeTarget "XFTakeCarTests" */;
			buildPhases = (
				BD5A89E61D73D7D4006B7742 /* Sources */,
				BD5A89E71D73D7D4006B7742 /* Frameworks */,
				BD5A89E81D73D7D4006B7742 /* Resources */,
			);
			buildRules = (
			);
			dependencies = (
				BD5A89EC1D73D7D4006B7742 /* PBXTargetDependency */,
			);
			name = XFTakeCarTests;
			productName = XFTakeCarTests;
			productReference = BD5A89EA1D73D7D4006B7742 /* XFTakeCarTests.xctest */;
			productType = "com.apple.product-type.bundle.unit-test";
		};
		BD5A89F41D73D7D4006B7742 /* XFTakeCarUITests */ = {
			isa = PBXNativeTarget;
			buildConfigurationList = BD5A8A041D73D7D4006B7742 /* Build configuration list for PBXNativeTarget "XFTakeCarUITests" */;
			buildPhases = (
				BD5A89F11D73D7D4006B7742 /* Sources */,
				BD5A89F21D73D7D4006B7742 /* Frameworks */,
				BD5A89F31D73D7D4006B7742 /* Resources */,
			);
			buildRules = (
			);
			dependencies = (
				BD5A89F71D73D7D4006B7742 /* PBXTargetDependency */,
			);
			name = XFTakeCarUITests;
			productName = XFTakeCarUITests;
			productReference = BD5A89F51D73D7D4006B7742 /* XFTakeCarUITests.xctest */;
			productType = "com.apple.product-type.bundle.ui-testing";
		};
/* End PBXNativeTarget section */

/* Begin PBXProject section */
		BD5A89CE1D73D7D3006B7742 /* Project object */ = {
			isa = PBXProject;
			attributes = {
				CLASSPREFIX = XF;
				LastSwiftUpdateCheck = 0720;
				LastUpgradeCheck = 0720;
				ORGANIZATIONNAME = xiaofan;
				TargetAttributes = {
					BD5A89D51D73D7D3006B7742 = {
						CreatedOnToolsVersion = 7.2.1;
					};
					BD5A89E91D73D7D4006B7742 = {
						CreatedOnToolsVersion = 7.2.1;
						TestTargetID = BD5A89D51D73D7D3006B7742;
					};
					BD5A89F41D73D7D4006B7742 = {
						CreatedOnToolsVersion = 7.2.1;
						TestTargetID = BD5A89D51D73D7D3006B7742;
					};
				};
			};
			buildConfigurationList = BD5A89D11D73D7D3006B7742 /* Build configuration list for PBXProject "XFTakeCar" */;
			compatibilityVersion = "Xcode 3.2";
			developmentRegion = English;
			hasScannedForEncodings = 0;
			knownRegions = (
				en,
				Base,
			);
			mainGroup = BD5A89CD1D73D7D3006B7742;
			productRefGroup = BD5A89D71D73D7D3006B7742 /* Products */;
			projectDirPath = "";
			projectRoot = "";
			targets = (
				BD5A89D51D73D7D3006B7742 /* XFTakeCar */,
				BD5A89E91D73D7D4006B7742 /* XFTakeCarTests */,
				BD5A89F41D73D7D4006B7742 /* XFTakeCarUITests */,
			);
		};
/* End PBXProject section */

/* Begin PBXResourcesBuildPhase section */
		BD5A89D41D73D7D3006B7742 /* Resources */ = {
			isa = PBXResourcesBuildPhase;
			buildActionMask = 2147483647;
			files = (
				BD5A89E41D73D7D3006B7742 /* LaunchScreen.storyboard in Resources */,
				BD5A89E11D73D7D3006B7742 /* Assets.xcassets in Resources */,
				BD5A89DF1D73D7D3006B7742 /* Main.storyboard in Resources */,
			);
			runOnlyForDeploymentPostprocessing = 0;
		};
		BD5A89E81D73D7D4006B7742 /* Resources */ = {
			isa = PBXResourcesBuildPhase;
			buildActionMask = 2147483647;
			files = (
			);
			runOnlyForDeploymentPostprocessing = 0;
		};
		BD5A89F31D73D7D4006B7742 /* Resources */ = {
			isa = PBXResourcesBuildPhase;
			buildActionMask = 2147483647;
			files = (
			);
			runOnlyForDeploymentPostprocessing = 0;
		};
/* End PBXResourcesBuildPhase section */

/* Begin PBXSourcesBuildPhase section */
		BD5A89D21D73D7D3006B7742 /* Sources */ = {
			isa = PBXSourcesBuildPhase;
			buildActionMask = 2147483647;
			files = (
				BD5A8A231D73D803006B7742 /* XFUserInfo.swift in Sources */,
				BD5A8A2A1D73D803006B7742 /* XFBundlePayPage.swift in Sources */,
				BD5A89DC1D73D7D3006B7742 /* ViewController.swift in Sources */,
				BD5A8A291D73D803006B7742 /* XFBasePageController.swift in Sources */,
				BD5A8A2C1D73D803006B7742 /* XFLoginPage.swift in Sources */,
				BD5A8A221D73D803006B7742 /* XFBaseInfo.swift in Sources */,
				BD5A8A2B1D73D803006B7742 /* XFGuidePage.swift in Sources */,
				BD5A8A2E1D73D803006B7742 /* XFBaseViewController.swift in Sources */,
				BD5A8A261D73D803006B7742 /* XFOperation.swift in Sources */,
				BD5A8A2D1D73D803006B7742 /* XFRegisterPage.swift in Sources */,
				BD5A8A241D73D803006B7742 /* XFGetCars.swift in Sources */,
				BD5A89DA1D73D7D3006B7742 /* AppDelegate.swift in Sources */,
				BD5A8A271D73D803006B7742 /* XFRegister.swift in Sources */,
				BD5A8A251D73D803006B7742 /* XFLogin.swift in Sources */,
			);
			runOnlyForDeploymentPostprocessing = 0;
		};
		BD5A89E61D73D7D4006B7742 /* Sources */ = {
			isa = PBXSourcesBuildPhase;
			buildActionMask = 2147483647;
			files = (
				BD5A89EF1D73D7D4006B7742 /* XFTakeCarTests.swift in Sources */,
			);
			runOnlyForDeploymentPostprocessing = 0;
		};
		BD5A89F11D73D7D4006B7742 /* Sources */ = {
			isa = PBXSourcesBuildPhase;
			buildActionMask = 2147483647;
			files = (
				BD5A89FA1D73D7D4006B7742 /* XFTakeCarUITests.swift in Sources */,
			);
			runOnlyForDeploymentPostprocessing = 0;
		};
/* End PBXSourcesBuildPhase section */

/* Begin PBXTargetDependency section */
		BD5A89EC1D73D7D4006B7742 /* PBXTargetDependency */ = {
			isa = PBXTargetDependency;
			target = BD5A89D51D73D7D3006B7742 /* XFTakeCar */;
			targetProxy = BD5A89EB1D73D7D4006B7742 /* PBXContainerItemProxy */;
		};
		BD5A89F71D73D7D4006B7742 /* PBXTargetDependency */ = {
			isa = PBXTargetDependency;
			target = BD5A89D51D73D7D3006B7742 /* XFTakeCar */;
			targetProxy = BD5A89F61D73D7D4006B7742 /* PBXContainerItemProxy */;
		};
/* End PBXTargetDependency section */

/* Begin PBXVariantGroup section */
		BD5A89DD1D73D7D3006B7742 /* Main.storyboard */ = {
			isa = PBXVariantGroup;
			children = (
				BD5A89DE1D73D7D3006B7742 /* Base */,
			);
			name = Main.storyboard;
			path = ../..;
			sourceTree = "<group>";
		};
		BD5A89E21D73D7D3006B7742 /* LaunchScreen.storyboard */ = {
			isa = PBXVariantGroup;
			children = (
				BD5A89E31D73D7D3006B7742 /* Base */,
			);
			name = LaunchScreen.storyboard;
			path = ../..;
			sourceTree = "<group>";
		};
/* End PBXVariantGroup section */

/* Begin XCBuildConfiguration section */
		BD5A89FC1D73D7D4006B7742 /* Debug */ = {
			isa = XCBuildConfiguration;
			buildSettings = {
				ALWAYS_SEARCH_USER_PATHS = NO;
				CLANG_CXX_LANGUAGE_STANDARD = "gnu++0x";
				CLANG_CXX_LIBRARY = "libc++";
				CLANG_ENABLE_MODULES = YES;
				CLANG_ENABLE_OBJC_ARC = YES;
				CLANG_WARN_BOOL_CONVERSION = YES;
				CLANG_WARN_CONSTANT_CONVERSION = YES;
				CLANG_WARN_DIRECT_OBJC_ISA_USAGE = YES_ERROR;
				CLANG_WARN_EMPTY_BODY = YES;
				CLANG_WARN_ENUM_CONVERSION = YES;
				CLANG_WARN_INT_CONVERSION = YES;
				CLANG_WARN_OBJC_ROOT_CLASS = YES_ERROR;
				CLANG_WARN_UNREACHABLE_CODE = YES;
				CLANG_WARN__DUPLICATE_METHOD_MATCH = YES;
				"CODE_SIGN_IDENTITY[sdk=iphoneos*]" = "iPhone Developer";
				COPY_PHASE_STRIP = NO;
				DEBUG_INFORMATION_FORMAT = dwarf;
				ENABLE_STRICT_OBJC_MSGSEND = YES;
				ENABLE_TESTABILITY = YES;
				GCC_C_LANGUAGE_STANDARD = gnu99;
				GCC_DYNAMIC_NO_PIC = NO;
				GCC_NO_COMMON_BLOCKS = YES;
				GCC_OPTIMIZATION_LEVEL = 0;
				GCC_PREPROCESSOR_DEFINITIONS = (
					"DEBUG=1",
					"$(inherited)",
				);
				GCC_WARN_64_TO_32_BIT_CONVERSION = YES;
				GCC_WARN_ABOUT_RETURN_TYPE = YES_ERROR;
				GCC_WARN_UNDECLARED_SELECTOR = YES;
				GCC_WARN_UNINITIALIZED_AUTOS = YES_AGGRESSIVE;
				GCC_WARN_UNUSED_FUNCTION = YES;
				GCC_WARN_UNUSED_VARIABLE = YES;
				IPHONEOS_DEPLOYMENT_TARGET = 9.2;
				MTL_ENABLE_DEBUG_INFO = YES;
				ONLY_ACTIVE_ARCH = YES;
				SDKROOT = iphoneos;
				SWIFT_OPTIMIZATION_LEVEL = "-Onone";
			};
			name = Debug;
		};
		BD5A89FD1D73D7D4006B7742 /* Release */ = {
			isa = XCBuildConfiguration;
			buildSettings = {
				ALWAYS_SEARCH_USER_PATHS = NO;
				CLANG_CXX_LANGUAGE_STANDARD = "gnu++0x";
				CLANG_CXX_LIBRARY = "libc++";
				CLANG_ENABLE_MODULES = YES;
				CLANG_ENABLE_OBJC_ARC = YES;
				CLANG_WARN_BOOL_CONVERSION = YES;
				CLANG_WARN_CONSTANT_CONVERSION = YES;
				CLANG_WARN_DIRECT_OBJC_ISA_USAGE = YES_ERROR;
				CLANG_WARN_EMPTY_BODY = YES;
				CLANG_WARN_ENUM_CONVERSION = YES;
				CLANG_WARN_INT_CONVERSION = YES;
				CLANG_WARN_OBJC_ROOT_CLASS = YES_ERROR;
				CLANG_WARN_UNREACHABLE_CODE = YES;
				CLANG_WARN__DUPLICATE_METHOD_MATCH = YES;
				"CODE_SIGN_IDENTITY[sdk=iphoneos*]" = "iPhone Developer";
				COPY_PHASE_STRIP = NO;
				DEBUG_INFORMATION_FORMAT = "dwarf-with-dsym";
				ENABLE_NS_ASSERTIONS = NO;
				ENABLE_STRICT_OBJC_MSGSEND = YES;
				GCC_C_LANGUAGE_STANDARD = gnu99;
				GCC_NO_COMMON_BLOCKS = YES;
				GCC_WARN_64_TO_32_BIT_CONVERSION = YES;
				GCC_WARN_ABOUT_RETURN_TYPE = YES_ERROR;
				GCC_WARN_UNDECLARED_SELECTOR = YES;
				GCC_WARN_UNINITIALIZED_AUTOS = YES_AGGRESSIVE;
				GCC_WARN_UNUSED_FUNCTION = YES;
				GCC_WARN_UNUSED_VARIABLE = YES;
				IPHONEOS_DEPLOYMENT_TARGET = 9.2;
				MTL_ENABLE_DEBUG_INFO = NO;
				SDKROOT = iphoneos;
				VALIDATE_PRODUCT = YES;
			};
			name = Release;
		};
		BD5A89FF1D73D7D4006B7742 /* Debug */ = {
			isa = XCBuildConfiguration;
			buildSettings = {
				ASSETCATALOG_COMPILER_APPICON_NAME = AppIcon;
				INFOPLIST_FILE = XFTakeCar/Info.plist;
				IPHONEOS_DEPLOYMENT_TARGET = 8.0;
				LD_RUNPATH_SEARCH_PATHS = "$(inherited) @executable_path/Frameworks";
				PRODUCT_BUNDLE_IDENTIFIER = com.dvxiaofan.XFTakeCar;
				PRODUCT_NAME = "$(TARGET_NAME)";
			};
			name = Debug;
		};
		BD5A8A001D73D7D4006B7742 /* Release */ = {
			isa = XCBuildConfiguration;
			buildSettings = {
				ASSETCATALOG_COMPILER_APPICON_NAME = AppIcon;
				INFOPLIST_FILE = XFTakeCar/Info.plist;
				IPHONEOS_DEPLOYMENT_TARGET = 8.0;
				LD_RUNPATH_SEARCH_PATHS = "$(inherited) @executable_path/Frameworks";
				PRODUCT_BUNDLE_IDENTIFIER = com.dvxiaofan.XFTakeCar;
				PRODUCT_NAME = "$(TARGET_NAME)";
			};
			name = Release;
		};
		BD5A8A021D73D7D4006B7742 /* Debug */ = {
			isa = XCBuildConfiguration;
			buildSettings = {
				BUNDLE_LOADER = "$(TEST_HOST)";
				INFOPLIST_FILE = XFTakeCarTests/Info.plist;
				LD_RUNPATH_SEARCH_PATHS = "$(inherited) @executable_path/Frameworks @loader_path/Frameworks";
				PRODUCT_BUNDLE_IDENTIFIER = com.dvxiaofan.XFTakeCarTests;
				PRODUCT_NAME = "$(TARGET_NAME)";
				TEST_HOST = "$(BUILT_PRODUCTS_DIR)/XFTakeCar.app/XFTakeCar";
			};
			name = Debug;
		};
		BD5A8A031D73D7D4006B7742 /* Release */ = {
			isa = XCBuildConfiguration;
			buildSettings = {
				BUNDLE_LOADER = "$(TEST_HOST)";
				INFOPLIST_FILE = XFTakeCarTests/Info.plist;
				LD_RUNPATH_SEARCH_PATHS = "$(inherited) @executable_path/Frameworks @loader_path/Frameworks";
				PRODUCT_BUNDLE_IDENTIFIER = com.dvxiaofan.XFTakeCarTests;
				PRODUCT_NAME = "$(TARGET_NAME)";
				TEST_HOST = "$(BUILT_PRODUCTS_DIR)/XFTakeCar.app/XFTakeCar";
			};
			name = Release;
		};
		BD5A8A051D73D7D4006B7742 /* Debug */ = {
			isa = XCBuildConfiguration;
			buildSettings = {
				INFOPLIST_FILE = XFTakeCarUITests/Info.plist;
				LD_RUNPATH_SEARCH_PATHS = "$(inherited) @executable_path/Frameworks @loader_path/Frameworks";
				PRODUCT_BUNDLE_IDENTIFIER = com.dvxiaofan.XFTakeCarUITests;
				PRODUCT_NAME = "$(TARGET_NAME)";
				TEST_TARGET_NAME = XFTakeCar;
				USES_XCTRUNNER = YES;
			};
			name = Debug;
		};
		BD5A8A061D73D7D4006B7742 /* Release */ = {
			isa = XCBuildConfiguration;
			buildSettings = {
				INFOPLIST_FILE = XFTakeCarUITests/Info.plist;
				LD_RUNPATH_SEARCH_PATHS = "$(inherited) @executable_path/Frameworks @loader_path/Frameworks";
				PRODUCT_BUNDLE_IDENTIFIER = com.dvxiaofan.XFTakeCarUITests;
				PRODUCT_NAME = "$(TARGET_NAME)";
				TEST_TARGET_NAME = XFTakeCar;
				USES_XCTRUNNER = YES;
			};
			name = Release;
		};
/* End XCBuildConfiguration section */

/* Begin XCConfigurationList section */
		BD5A89D11D73D7D3006B7742 /* Build configuration list for PBXProject "XFTakeCar" */ = {
			isa = XCConfigurationList;
			buildConfigurations = (
				BD5A89FC1D73D7D4006B7742 /* Debug */,
				BD5A89FD1D73D7D4006B7742 /* Release */,
			);
			defaultConfigurationIsVisible = 0;
			defaultConfigurationName = Release;
		};
		BD5A89FE1D73D7D4006B7742 /* Build configuration list for PBXNativeTarget "XFTakeCar" */ = {
			isa = XCConfigurationList;
			buildConfigurations = (
				BD5A89FF1D73D7D4006B7742 /* Debug */,
				BD5A8A001D73D7D4006B7742 /* Release */,
			);
			defaultConfigurationIsVisible = 0;
		};
		BD5A8A011D73D7D4006B7742 /* Build configuration list for PBXNativeTarget "XFTakeCarTests" */ = {
			isa = XCConfigurationList;
			buildConfigurations = (
				BD5A8A021D73D7D4006B7742 /* Debug */,
				BD5A8A031D73D7D4006B7742 /* Release */,
			);
			defaultConfigurationIsVisible = 0;
		};
		BD5A8A041D73D7D4006B7742 /* Build configuration list for PBXNativeTarget "XFTakeCarUITests" */ = {
			isa = XCConfigurationList;
			buildConfigurations = (
				BD5A8A051D73D7D4006B7742 /* Debug */,
				BD5A8A061D73D7D4006B7742 /* Release */,
			);
			defaultConfigurationIsVisible = 0;
		};
/* End XCConfigurationList section */
	};
	rootObject = BD5A89CE1D73D7D3006B7742 /* Project object */;
}
